// !$*UTF8*$!
{
	archiveVersion = 1;
	classes = {
	};
	objectVersion = 48;
	objects = {

/* Begin PBXBuildFile section */
		93E4CD1A219970EA0051C3CF /* AppDelegate.swift in Sources */ = {isa = PBXBuildFile; fileRef = 93E4CD19219970EA0051C3CF /* AppDelegate.swift */; };
		93E4CD1C219970EA0051C3CF /* ViewController.swift in Sources */ = {isa = PBXBuildFile; fileRef = 93E4CD1B219970EA0051C3CF /* ViewController.swift */; };
		93E4CD1F219970EA0051C3CF /* Main.storyboard in Resources */ = {isa = PBXBuildFile; fileRef = 93E4CD1D219970EA0051C3CF /* Main.storyboard */; };
		93E4CD21219970EA0051C3CF /* Assets.xcassets in Resources */ = {isa = PBXBuildFile; fileRef = 93E4CD20219970EA0051C3CF /* Assets.xcassets */; };
		93E4CD24219970EA0051C3CF /* LaunchScreen.storyboard in Resources */ = {isa = PBXBuildFile; fileRef = 93E4CD22219970EA0051C3CF /* LaunchScreen.storyboard */; };
		93E4CD2F219970EA0051C3CF /* ios_beginnersTests.swift in Sources */ = {isa = PBXBuildFile; fileRef = 93E4CD2E219970EA0051C3CF /* ios_beginnersTests.swift */; };
		93E4CD3A219970EA0051C3CF /* ios_beginnersUITests.swift in Sources */ = {isa = PBXBuildFile; fileRef = 93E4CD39219970EA0051C3CF /* ios_beginnersUITests.swift */; };
		93E4CD48219971700051C3CF /* swift1.swift in Sources */ = {isa = PBXBuildFile; fileRef = 93E4CD47219971700051C3CF /* swift1.swift */; };
/* End PBXBuildFile section */

/* Begin PBXContainerItemProxy section */
		93E4CD2B219970EA0051C3CF /* PBXContainerItemProxy */ = {
			isa = PBXContainerItemProxy;
			containerPortal = 93E4CD0E219970E90051C3CF /* Project object */;
			proxyType = 1;
			remoteGlobalIDString = 93E4CD15219970EA0051C3CF;
			remoteInfo = "ios-beginners";
		};
		93E4CD36219970EA0051C3CF /* PBXContainerItemProxy */ = {
			isa = PBXContainerItemProxy;
			containerPortal = 93E4CD0E219970E90051C3CF /* Project object */;
			proxyType = 1;
			remoteGlobalIDString = 93E4CD15219970EA0051C3CF;
			remoteInfo = "ios-beginners";
		};
/* End PBXContainerItemProxy section */

/* Begin PBXFileReference section */
		93E4CD16219970EA0051C3CF /* ios-beginners.app */ = {isa = PBXFileReference; explicitFileType = wrapper.application; includeInIndex = 0; path = "ios-beginners.app"; sourceTree = BUILT_PRODUCTS_DIR; };
		93E4CD19219970EA0051C3CF /* AppDelegate.swift */ = {isa = PBXFileReference; lastKnownFileType = sourcecode.swift; path = AppDelegate.swift; sourceTree = "<group>"; };
		93E4CD1B219970EA0051C3CF /* ViewController.swift */ = {isa = PBXFileReference; lastKnownFileType = sourcecode.swift; path = ViewController.swift; sourceTree = "<group>"; };
		93E4CD1E219970EA0051C3CF /* Base */ = {isa = PBXFileReference; lastKnownFileType = file.storyboard; name = Base; path = Base.lproj/Main.storyboard; sourceTree = "<group>"; };
		93E4CD20219970EA0051C3CF /* Assets.xcassets */ = {isa = PBXFileReference; lastKnownFileType = folder.assetcatalog; path = Assets.xcassets; sourceTree = "<group>"; };
		93E4CD23219970EA0051C3CF /* Base */ = {isa = PBXFileReference; lastKnownFileType = file.storyboard; name = Base; path = Base.lproj/LaunchScreen.storyboard; sourceTree = "<group>"; };
		93E4CD25219970EA0051C3CF /* Info.plist */ = {isa = PBXFileReference; lastKnownFileType = text.plist.xml; path = Info.plist; sourceTree = "<group>"; };
		93E4CD2A219970EA0051C3CF /* ios-beginnersTests.xctest */ = {isa = PBXFileReference; explicitFileType = wrapper.cfbundle; includeInIndex = 0; path = "ios-beginnersTests.xctest"; sourceTree = BUILT_PRODUCTS_DIR; };
		93E4CD2E219970EA0051C3CF /* ios_beginnersTests.swift */ = {isa = PBXFileReference; lastKnownFileType = sourcecode.swift; path = ios_beginnersTests.swift; sourceTree = "<group>"; };
		93E4CD30219970EA0051C3CF /* Info.plist */ = {isa = PBXFileReference; lastKnownFileType = text.plist.xml; path = Info.plist; sourceTree = "<group>"; };
		93E4CD35219970EA0051C3CF /* ios-beginnersUITests.xctest */ = {isa = PBXFileReference; explicitFileType = wrapper.cfbundle; includeInIndex = 0; path = "ios-beginnersUITests.xctest"; sourceTree = BUILT_PRODUCTS_DIR; };
		93E4CD39219970EA0051C3CF /* ios_beginnersUITests.swift */ = {isa = PBXFileReference; lastKnownFileType = sourcecode.swift; path = ios_beginnersUITests.swift; sourceTree = "<group>"; };
		93E4CD3B219970EA0051C3CF /* Info.plist */ = {isa = PBXFileReference; lastKnownFileType = text.plist.xml; path = Info.plist; sourceTree = "<group>"; };
		93E4CD47219971700051C3CF /* swift1.swift */ = {isa = PBXFileReference; lastKnownFileType = sourcecode.swift; path = swift1.swift; sourceTree = "<group>"; };
/* End PBXFileReference section */

/* Begin PBXFrameworksBuildPhase section */
		93E4CD13219970EA0051C3CF /* Frameworks */ = {
			isa = PBXFrameworksBuildPhase;
			buildActionMask = 2147483647;
			files = (
			);
			runOnlyForDeploymentPostprocessing = 0;
		};
		93E4CD27219970EA0051C3CF /* Frameworks */ = {
			isa = PBXFrameworksBuildPhase;
			buildActionMask = 2147483647;
			files = (
			);
			runOnlyForDeploymentPostprocessing = 0;
		};
		93E4CD32219970EA0051C3CF /* Frameworks */ = {
			isa = PBXFrameworksBuildPhase;
			buildActionMask = 2147483647;
			files = (
			);
			runOnlyForDeploymentPostprocessing = 0;
		};
/* End PBXFrameworksBuildPhase section */

/* Begin PBXGroup section */
		93E4CD0D219970E90051C3CF = {
			isa = PBXGroup;
			children = (
				93E4CD18219970EA0051C3CF /* ios-beginners */,
				93E4CD2D219970EA0051C3CF /* ios-beginnersTests */,
				93E4CD38219970EA0051C3CF /* ios-beginnersUITests */,
				93E4CD17219970EA0051C3CF /* Products */,
			);
			sourceTree = "<group>";
		};
		93E4CD17219970EA0051C3CF /* Products */ = {
			isa = PBXGroup;
			children = (
				93E4CD16219970EA0051C3CF /* ios-beginners.app */,
				93E4CD2A219970EA0051C3CF /* ios-beginnersTests.xctest */,
				93E4CD35219970EA0051C3CF /* ios-beginnersUITests.xctest */,
			);
			name = Products;
			sourceTree = "<group>";
		};
		93E4CD18219970EA0051C3CF /* ios-beginners */ = {
			isa = PBXGroup;
			children = (
				93E4CD19219970EA0051C3CF /* AppDelegate.swift */,
				93E4CD47219971700051C3CF /* swift1.swift */,
				93E4CD1B219970EA0051C3CF /* ViewController.swift */,
				93E4CD1D219970EA0051C3CF /* Main.storyboard */,
				93E4CD20219970EA0051C3CF /* Assets.xcassets */,
				93E4CD22219970EA0051C3CF /* LaunchScreen.storyboard */,
				93E4CD25219970EA0051C3CF /* Info.plist */,
			);
			path = "ios-beginners";
			sourceTree = "<group>";
		};
		93E4CD2D219970EA0051C3CF /* ios-beginnersTests */ = {
			isa = PBXGroup;
			children = (
				93E4CD2E219970EA0051C3CF /* ios_beginnersTests.swift */,
				93E4CD30219970EA0051C3CF /* Info.plist */,
			);
			path = "ios-beginnersTests";
			sourceTree = "<group>";
		};
		93E4CD38219970EA0051C3CF /* ios-beginnersUITests */ = {
			isa = PBXGroup;
			children = (
				93E4CD39219970EA0051C3CF /* ios_beginnersUITests.swift */,
				93E4CD3B219970EA0051C3CF /* Info.plist */,
			);
			path = "ios-beginnersUITests";
			sourceTree = "<group>";
		};
/* End PBXGroup section */

/* Begin PBXNativeTarget section */
		93E4CD15219970EA0051C3CF /* ios-beginners */ = {
			isa = PBXNativeTarget;
			buildConfigurationList = 93E4CD3E219970EA0051C3CF /* Build configuration list for PBXNativeTarget "ios-beginners" */;
			buildPhases = (
				93E4CD12219970EA0051C3CF /* Sources */,
				93E4CD13219970EA0051C3CF /* Frameworks */,
				93E4CD14219970EA0051C3CF /* Resources */,
			);
			buildRules = (
			);
			dependencies = (
			);
			name = "ios-beginners";
			productName = "ios-beginners";
			productReference = 93E4CD16219970EA0051C3CF /* ios-beginners.app */;
			productType = "com.apple.product-type.application";
		};
		93E4CD29219970EA0051C3CF /* ios-beginnersTests */ = {
			isa = PBXNativeTarget;
			buildConfigurationList = 93E4CD41219970EA0051C3CF /* Build configuration list for PBXNativeTarget "ios-beginnersTests" */;
			buildPhases = (
				93E4CD26219970EA0051C3CF /* Sources */,
				93E4CD27219970EA0051C3CF /* Frameworks */,
				93E4CD28219970EA0051C3CF /* Resources */,
			);
			buildRules = (
			);
			dependencies = (
				93E4CD2C219970EA0051C3CF /* PBXTargetDependency */,
			);
			name = "ios-beginnersTests";
			productName = "ios-beginnersTests";
			productReference = 93E4CD2A219970EA0051C3CF /* ios-beginnersTests.xctest */;
			productType = "com.apple.product-type.bundle.unit-test";
		};
		93E4CD34219970EA0051C3CF /* ios-beginnersUITests */ = {
			isa = PBXNativeTarget;
			buildConfigurationList = 93E4CD44219970EA0051C3CF /* Build configuration list for PBXNativeTarget "ios-beginnersUITests" */;
			buildPhases = (
				93E4CD31219970EA0051C3CF /* Sources */,
				93E4CD32219970EA0051C3CF /* Frameworks */,
				93E4CD33219970EA0051C3CF /* Resources */,
			);
			buildRules = (
			);
			dependencies = (
				93E4CD37219970EA0051C3CF /* PBXTargetDependency */,
			);
			name = "ios-beginnersUITests";
			productName = "ios-beginnersUITests";
			productReference = 93E4CD35219970EA0051C3CF /* ios-beginnersUITests.xctest */;
			productType = "com.apple.product-type.bundle.ui-testing";
		};
/* End PBXNativeTarget section */

/* Begin PBXProject section */
		93E4CD0E219970E90051C3CF /* Project object */ = {
			isa = PBXProject;
			attributes = {
				LastSwiftUpdateCheck = 0920;
				LastUpgradeCheck = 0920;
				ORGANIZATIONNAME = "Grant Mitchell";
				TargetAttributes = {
					93E4CD15219970EA0051C3CF = {
						CreatedOnToolsVersion = 9.2;
						ProvisioningStyle = Automatic;
					};
					93E4CD29219970EA0051C3CF = {
						CreatedOnToolsVersion = 9.2;
						ProvisioningStyle = Automatic;
						TestTargetID = 93E4CD15219970EA0051C3CF;
					};
					93E4CD34219970EA0051C3CF = {
						CreatedOnToolsVersion = 9.2;
						ProvisioningStyle = Automatic;
						TestTargetID = 93E4CD15219970EA0051C3CF;
					};
				};
			};
			buildConfigurationList = 93E4CD11219970E90051C3CF /* Build configuration list for PBXProject "ios-beginners" */;
			compatibilityVersion = "Xcode 8.0";
			developmentRegion = en;
			hasScannedForEncodings = 0;
			knownRegions = (
				en,
				Base,
			);
			mainGroup = 93E4CD0D219970E90051C3CF;
			productRefGroup = 93E4CD17219970EA0051C3CF /* Products */;
			projectDirPath = "";
			projectRoot = "";
			targets = (
				93E4CD15219970EA0051C3CF /* ios-beginners */,
				93E4CD29219970EA0051C3CF /* ios-beginnersTests */,
				93E4CD34219970EA0051C3CF /* ios-beginnersUITests */,
			);
		};
/* End PBXProject section */

/* Begin PBXResourcesBuildPhase section */
		93E4CD14219970EA0051C3CF /* Resources */ = {
			isa = PBXResourcesBuildPhase;
			buildActionMask = 2147483647;
			files = (
				93E4CD24219970EA0051C3CF /* LaunchScreen.storyboard in Resources */,
				93E4CD21219970EA0051C3CF /* Assets.xcassets in Resources */,
				93E4CD1F219970EA0051C3CF /* Main.storyboard in Resources */,
			);
			runOnlyForDeploymentPostprocessing = 0;
		};
		93E4CD28219970EA0051C3CF /* Resources */ = {
			isa = PBXResourcesBuildPhase;
			buildActionMask = 2147483647;
			files = (
			);
			runOnlyForDeploymentPostprocessing = 0;
		};
		93E4CD33219970EA0051C3CF /* Resources */ = {
			isa = PBXResourcesBuildPhase;
			buildActionMask = 2147483647;
			files = (
			);
			runOnlyForDeploymentPostprocessing = 0;
		};
/* End PBXResourcesBuildPhase section */

/* Begin PBXSourcesBuildPhase section */
		93E4CD12219970EA0051C3CF /* Sources */ = {
			isa = PBXSourcesBuildPhase;
			buildActionMask = 2147483647;
			files = (
				93E4CD1C219970EA0051C3CF /* ViewController.swift in Sources */,
				93E4CD48219971700051C3CF /* swift1.swift in Sources */,
				93E4CD1A219970EA0051C3CF /* AppDelegate.swift in Sources */,
			);
			runOnlyForDeploymentPostprocessing = 0;
		};
		93E4CD26219970EA0051C3CF /* Sources */ = {
			isa = PBXSourcesBuildPhase;
			buildActionMask = 2147483647;
			files = (
				93E4CD2F219970EA0051C3CF /* ios_beginnersTests.swift in Sources */,
			);
			runOnlyForDeploymentPostprocessing = 0;
		};
		93E4CD31219970EA0051C3CF /* Sources */ = {
			isa = PBXSourcesBuildPhase;
			buildActionMask = 2147483647;
			files = (
				93E4CD3A219970EA0051C3CF /* ios_beginnersUITests.swift in Sources */,
			);
			runOnlyForDeploymentPostprocessing = 0;
		};
/* End PBXSourcesBuildPhase section */

/* Begin PBXTargetDependency section */
		93E4CD2C219970EA0051C3CF /* PBXTargetDependency */ = {
			isa = PBXTargetDependency;
			target = 93E4CD15219970EA0051C3CF /* ios-beginners */;
			targetProxy = 93E4CD2B219970EA0051C3CF /* PBXContainerItemProxy */;
		};
		93E4CD37219970EA0051C3CF /* PBXTargetDependency */ = {
			isa = PBXTargetDependency;
			target = 93E4CD15219970EA0051C3CF /* ios-beginners */;
			targetProxy = 93E4CD36219970EA0051C3CF /* PBXContainerItemProxy */;
		};
/* End PBXTargetDependency section */

/* Begin PBXVariantGroup section */
		93E4CD1D219970EA0051C3CF /* Main.storyboard */ = {
			isa = PBXVariantGroup;
			children = (
				93E4CD1E219970EA0051C3CF /* Base */,
			);
			name = Main.storyboard;
			sourceTree = "<group>";
		};
		93E4CD22219970EA0051C3CF /* LaunchScreen.storyboard */ = {
			isa = PBXVariantGroup;
			children = (
				93E4CD23219970EA0051C3CF /* Base */,
			);
			name = LaunchScreen.storyboard;
			sourceTree = "<group>";
		};
/* End PBXVariantGroup section */

/* Begin XCBuildConfiguration section */
		93E4CD3C219970EA0051C3CF /* Debug */ = {
			isa = XCBuildConfiguration;
			buildSettings = {
				ALWAYS_SEARCH_USER_PATHS = NO;
				CLANG_ANALYZER_NONNULL = YES;
				CLANG_ANALYZER_NUMBER_OBJECT_CONVERSION = YES_AGGRESSIVE;
				CLANG_CXX_LANGUAGE_STANDARD = "gnu++14";
				CLANG_CXX_LIBRARY = "libc++";
				CLANG_ENABLE_MODULES = YES;
				CLANG_ENABLE_OBJC_ARC = YES;
				CLANG_WARN_BLOCK_CAPTURE_AUTORELEASING = YES;
				CLANG_WARN_BOOL_CONVERSION = YES;
				CLANG_WARN_COMMA = YES;
				CLANG_WARN_CONSTANT_CONVERSION = YES;
				CLANG_WARN_DIRECT_OBJC_ISA_USAGE = YES_ERROR;
				CLANG_WARN_DOCUMENTATION_COMMENTS = YES;
				CLANG_WARN_EMPTY_BODY = YES;
				CLANG_WARN_ENUM_CONVERSION = YES;
				CLANG_WARN_INFINITE_RECURSION = YES;
				CLANG_WARN_INT_CONVERSION = YES;
				CLANG_WARN_NON_LITERAL_NULL_CONVERSION = YES;
				CLANG_WARN_OBJC_LITERAL_CONVERSION = YES;
				CLANG_WARN_OBJC_ROOT_CLASS = YES_ERROR;
				CLANG_WARN_RANGE_LOOP_ANALYSIS = YES;
				CLANG_WARN_STRICT_PROTOTYPES = YES;
				CLANG_WARN_SUSPICIOUS_MOVE = YES;
				CLANG_WARN_UNGUARDED_AVAILABILITY = YES_AGGRESSIVE;
				CLANG_WARN_UNREACHABLE_CODE = YES;
				CLANG_WARN__DUPLICATE_METHOD_MATCH = YES;
				CODE_SIGN_IDENTITY = "iPhone Developer";
				COPY_PHASE_STRIP = NO;
				DEBUG_INFORMATION_FORMAT = dwarf;
				ENABLE_STRICT_OBJC_MSGSEND = YES;
				ENABLE_TESTABILITY = YES;
				GCC_C_LANGUAGE_STANDARD = gnu11;
				GCC_DYNAMIC_NO_PIC = NO;
				GCC_NO_COMMON_BLOCKS = YES;
				GCC_OPTIMIZATION_LEVEL = 0;
				GCC_PREPROCESSOR_DEFINITIONS = (
					"DEBUG=1",
					"$(inherited)",
				);
				GCC_WARN_64_TO_32_BIT_CONVERSION = YES;
				GCC_WARN_ABOUT_RETURN_TYPE = YES_ERROR;
				GCC_WARN_UNDECLARED_SELECTOR = YES;
				GCC_WARN_UNINITIALIZED_AUTOS = YES_AGGRESSIVE;
				GCC_WARN_UNUSED_FUNCTION = YES;
				GCC_WARN_UNUSED_VARIABLE = YES;
				IPHONEOS_DEPLOYMENT_TARGET = 11.2;
				MTL_ENABLE_DEBUG_INFO = YES;
				ONLY_ACTIVE_ARCH = YES;
				SDKROOT = iphoneos;
				SWIFT_ACTIVE_COMPILATION_CONDITIONS = DEBUG;
				SWIFT_OPTIMIZATION_LEVEL = "-Onone";
			};
			name = Debug;
		};
		93E4CD3D219970EA0051C3CF /* Release */ = {
			isa = XCBuildConfiguration;
			buildSettings = {
				ALWAYS_SEARCH_USER_PATHS = NO;
				CLANG_ANALYZER_NONNULL = YES;
				CLANG_ANALYZER_NUMBER_OBJECT_CONVERSION = YES_AGGRESSIVE;
				CLANG_CXX_LANGUAGE_STANDARD = "gnu++14";
				CLANG_CXX_LIBRARY = "libc++";
				CLANG_ENABLE_MODULES = YES;
				CLANG_ENABLE_OBJC_ARC = YES;
				CLANG_WARN_BLOCK_CAPTURE_AUTORELEASING = YES;
				CLANG_WARN_BOOL_CONVERSION = YES;
				CLANG_WARN_COMMA = YES;
				CLANG_WARN_CONSTANT_CONVERSION = YES;
				CLANG_WARN_DIRECT_OBJC_ISA_USAGE = YES_ERROR;
				CLANG_WARN_DOCUMENTATION_COMMENTS = YES;
				CLANG_WARN_EMPTY_BODY = YES;
				CLANG_WARN_ENUM_CONVERSION = YES;
				CLANG_WARN_INFINITE_RECURSION = YES;
				CLANG_WARN_INT_CONVERSION = YES;
				CLANG_WARN_NON_LITERAL_NULL_CONVERSION = YES;
				CLANG_WARN_OBJC_LITERAL_CONVERSION = YES;
				CLANG_WARN_OBJC_ROOT_CLASS = YES_ERROR;
				CLANG_WARN_RANGE_LOOP_ANALYSIS = YES;
				CLANG_WARN_STRICT_PROTOTYPES = YES;
				CLANG_WARN_SUSPICIOUS_MOVE = YES;
				CLANG_WARN_UNGUARDED_AVAILABILITY = YES_AGGRESSIVE;
				CLANG_WARN_UNREACHABLE_CODE = YES;
				CLANG_WARN__DUPLICATE_METHOD_MATCH = YES;
				CODE_SIGN_IDENTITY = "iPhone Developer";
				COPY_PHASE_STRIP = NO;
				DEBUG_INFORMATION_FORMAT = "dwarf-with-dsym";
				ENABLE_NS_ASSERTIONS = NO;
				ENABLE_STRICT_OBJC_MSGSEND = YES;
				GCC_C_LANGUAGE_STANDARD = gnu11;
				GCC_NO_COMMON_BLOCKS = YES;
				GCC_WARN_64_TO_32_BIT_CONVERSION = YES;
				GCC_WARN_ABOUT_RETURN_TYPE = YES_ERROR;
				GCC_WARN_UNDECLARED_SELECTOR = YES;
				GCC_WARN_UNINITIALIZED_AUTOS = YES_AGGRESSIVE;
				GCC_WARN_UNUSED_FUNCTION = YES;
				GCC_WARN_UNUSED_VARIABLE = YES;
				IPHONEOS_DEPLOYMENT_TARGET = 11.2;
				MTL_ENABLE_DEBUG_INFO = NO;
				SDKROOT = iphoneos;
				SWIFT_OPTIMIZATION_LEVEL = "-Owholemodule";
				VALIDATE_PRODUCT = YES;
			};
			name = Release;
		};
		93E4CD3F219970EA0051C3CF /* Debug */ = {
			isa = XCBuildConfiguration;
			buildSettings = {
				ASSETCATALOG_COMPILER_APPICON_NAME = AppIcon;
				CODE_SIGN_STYLE = Automatic;
				DEVELOPMENT_TEAM = CJZQEWULP8;
				INFOPLIST_FILE = "ios-beginners/Info.plist";
				LD_RUNPATH_SEARCH_PATHS = "$(inherited) @executable_path/Frameworks";
				PRODUCT_BUNDLE_IDENTIFIER = "grant.ios-beginners";
				PRODUCT_NAME = "$(TARGET_NAME)";
				SWIFT_VERSION = 4.0;
				TARGETED_DEVICE_FAMILY = "1,2";
			};
			name = Debug;
		};
		93E4CD40219970EA0051C3CF /* Release */ = {
			isa = XCBuildConfiguration;
			buildSettings = {
				ASSETCATALOG_COMPILER_APPICON_NAME = AppIcon;
				CODE_SIGN_STYLE = Automatic;
				DEVELOPMENT_TEAM = CJZQEWULP8;
				INFOPLIST_FILE = "ios-beginners/Info.plist";
				LD_RUNPATH_SEARCH_PATHS = "$(inherited) @executable_path/Frameworks";
				PRODUCT_BUNDLE_IDENTIFIER = "grant.ios-beginners";
				PRODUCT_NAME = "$(TARGET_NAME)";
				SWIFT_VERSION = 4.0;
				TARGETED_DEVICE_FAMILY = "1,2";
			};
			name = Release;
		};
		93E4CD42219970EA0051C3CF /* Debug */ = {
			isa = XCBuildConfiguration;
			buildSettings = {
				ALWAYS_EMBED_SWIFT_STANDARD_LIBRARIES = YES;
				BUNDLE_LOADER = "$(TEST_HOST)";
				CODE_SIGN_STYLE = Automatic;
				DEVELOPMENT_TEAM = CJZQEWULP8;
				INFOPLIST_FILE = "ios-beginnersTests/Info.plist";
				LD_RUNPATH_SEARCH_PATHS = "$(inherited) @executable_path/Frameworks @loader_path/Frameworks";
				PRODUCT_BUNDLE_IDENTIFIER = "grant.ios-beginnersTests";
				PRODUCT_NAME = "$(TARGET_NAME)";
				SWIFT_VERSION = 4.0;
				TARGETED_DEVICE_FAMILY = "1,2";
				TEST_HOST = "$(BUILT_PRODUCTS_DIR)/ios-beginners.app/ios-beginners";
			};
			name = Debug;
		};
		93E4CD43219970EA0051C3CF /* Release */ = {
			isa = XCBuildConfiguration;
			buildSettings = {
				ALWAYS_EMBED_SWIFT_STANDARD_LIBRARIES = YES;
				BUNDLE_LOADER = "$(TEST_HOST)";
				CODE_SIGN_STYLE = Automatic;
				DEVELOPMENT_TEAM = CJZQEWULP8;
				INFOPLIST_FILE = "ios-beginnersTests/Info.plist";
				LD_RUNPATH_SEARCH_PATHS = "$(inherited) @executable_path/Frameworks @loader_path/Frameworks";
				PRODUCT_BUNDLE_IDENTIFIER = "grant.ios-beginnersTests";
				PRODUCT_NAME = "$(TARGET_NAME)";
				SWIFT_VERSION = 4.0;
				TARGETED_DEVICE_FAMILY = "1,2";
				TEST_HOST = "$(BUILT_PRODUCTS_DIR)/ios-beginners.app/ios-beginners";
			};
			name = Release;
		};
		93E4CD45219970EA0051C3CF /* Debug */ = {
			isa = XCBuildConfiguration;
			buildSettings = {
				ALWAYS_EMBED_SWIFT_STANDARD_LIBRARIES = YES;
				CODE_SIGN_STYLE = Automatic;
				DEVELOPMENT_TEAM = CJZQEWULP8;
				INFOPLIST_FILE = "ios-beginnersUITests/Info.plist";
				LD_RUNPATH_SEARCH_PATHS = "$(inherited) @executable_path/Frameworks @loader_path/Frameworks";
				PRODUCT_BUNDLE_IDENTIFIER = "grant.ios-beginnersUITests";
				PRODUCT_NAME = "$(TARGET_NAME)";
				SWIFT_VERSION = 4.0;
				TARGETED_DEVICE_FAMILY = "1,2";
				TEST_TARGET_NAME = "ios-beginners";
			};
			name = Debug;
		};
		93E4CD46219970EA0051C3CF /* Release */ = {
			isa = XCBuildConfiguration;
			buildSettings = {
				ALWAYS_EMBED_SWIFT_STANDARD_LIBRARIES = YES;
				CODE_SIGN_STYLE = Automatic;
				DEVELOPMENT_TEAM = CJZQEWULP8;
				INFOPLIST_FILE = "ios-beginnersUITests/Info.plist";
				LD_RUNPATH_SEARCH_PATHS = "$(inherited) @executable_path/Frameworks @loader_path/Frameworks";
				PRODUCT_BUNDLE_IDENTIFIER = "grant.ios-beginnersUITests";
				PRODUCT_NAME = "$(TARGET_NAME)";
				SWIFT_VERSION = 4.0;
				TARGETED_DEVICE_FAMILY = "1,2";
				TEST_TARGET_NAME = "ios-beginners";
			};
			name = Release;
		};
/* End XCBuildConfiguration section */

/* Begin XCConfigurationList section */
		93E4CD11219970E90051C3CF /* Build configuration list for PBXProject "ios-beginners" */ = {
			isa = XCConfigurationList;
			buildConfigurations = (
				93E4CD3C219970EA0051C3CF /* Debug */,
				93E4CD3D219970EA0051C3CF /* Release */,
			);
			defaultConfigurationIsVisible = 0;
			defaultConfigurationName = Release;
		};
		93E4CD3E219970EA0051C3CF /* Build configuration list for PBXNativeTarget "ios-beginners" */ = {
			isa = XCConfigurationList;
			buildConfigurations = (
				93E4CD3F219970EA0051C3CF /* Debug */,
				93E4CD40219970EA0051C3CF /* Release */,
			);
			defaultConfigurationIsVisible = 0;
			defaultConfigurationName = Release;
		};
		93E4CD41219970EA0051C3CF /* Build configuration list for PBXNativeTarget "ios-beginnersTests" */ = {
			isa = XCConfigurationList;
			buildConfigurations = (
				93E4CD42219970EA0051C3CF /* Debug */,
				93E4CD43219970EA0051C3CF /* Release */,
			);
			defaultConfigurationIsVisible = 0;
			defaultConfigurationName = Release;
		};
		93E4CD44219970EA0051C3CF /* Build configuration list for PBXNativeTarget "ios-beginnersUITests" */ = {
			isa = XCConfigurationList;
			buildConfigurations = (
				93E4CD45219970EA0051C3CF /* Debug */,
				93E4CD46219970EA0051C3CF /* Release */,
			);
			defaultConfigurationIsVisible = 0;
			defaultConfigurationName = Release;
		};
/* End XCConfigurationList section */
	};
	rootObject = 93E4CD0E219970E90051C3CF /* Project object */;
}
